
Microsoft Visual Studio Solution File, Format Version 12.00
# Visual Studio 15
VisualStudioVersion = 15.0.27428.2015
MinimumVisualStudioVersion = 10.0.40219.1
Project("{9A19103F-16F7-4668-BE54-9A1E7A4F7556}") = "Stealer", "Stealer\Stealer.csproj", "{917654F1-0858-4F78-97A8-4CF4864BE9A9}"
EndProject
Project("{9A19103F-16F7-4668-BE54-9A1E7A4F7556}") = "P01_HarvestingFields", "P01_HarvestingFields\P01_HarvestingFields.csproj", "{700C4C58-6080-4D96-AFAC-6DE6D6CDC7AA}"
EndProject
Project("{9A19103F-16F7-4668-BE54-9A1E7A4F7556}") = "P02_BlackBoxInteger", "P02_BlackBoxInteger\P02_BlackBoxInteger.csproj", "{84196CD3-B484-4249-BE0F-D357A91589B1}"
EndProject
Project("{9A19103F-16F7-4668-BE54-9A1E7A4F7556}") = "P03_BarraksWars", "P03_BarraksWars\P03_BarraksWars.csproj", "{3607401B-D2CF-4999-9719-1E5AC1BBA0CC}"
EndProject
Project("{FAE04EC0-301F-11D3-BF4B-00C04F79EFBC}") = "TrafficLights", "TrafficLights\TrafficLights.csproj", "{44F00EE5-CDF7-413B-BBFD-FD6B7EC5775C}"
EndProject
Project("{FAE04EC0-301F-11D3-BF4B-00C04F79EFBC}") = "CreateCustomClassAttr", "CreateCustomClassAttr\CreateCustomClassAttr.csproj", "{56B1C206-C6D1-43FD-A711-26C5664208B7}"
EndProject
Global
	GlobalSection(SolutionConfigurationPlatforms) = preSolution
		Debug|Any CPU = Debug|Any CPU
		Release|Any CPU = Release|Any CPU
	EndGlobalSection
	GlobalSection(ProjectConfigurationPlatforms) = postSolution
		{917654F1-0858-4F78-97A8-4CF4864BE9A9}.Debug|Any CPU.ActiveCfg = Debug|Any CPU
		{917654F1-0858-4F78-97A8-4CF4864BE9A9}.Debug|Any CPU.Build.0 = Debug|Any CPU
		{917654F1-0858-4F78-97A8-4CF4864BE9A9}.Release|Any CPU.ActiveCfg = Release|Any CPU
		{917654F1-0858-4F78-97A8-4CF4864BE9A9}.Release|Any CPU.Build.0 = Release|Any CPU
		{700C4C58-6080-4D96-AFAC-6DE6D6CDC7AA}.Debug|Any CPU.ActiveCfg = Debug|Any CPU
		{700C4C58-6080-4D96-AFAC-6DE6D6CDC7AA}.Debug|Any CPU.Build.0 = Debug|Any CPU
		{700C4C58-6080-4D96-AFAC-6DE6D6CDC7AA}.Release|Any CPU.ActiveCfg = Release|Any CPU
		{700C4C58-6080-4D96-AFAC-6DE6D6CDC7AA}.Release|Any CPU.Build.0 = Release|Any CPU
		{84196CD3-B484-4249-BE0F-D357A91589B1}.Debug|Any CPU.ActiveCfg = Debug|Any CPU
		{84196CD3-B484-4249-BE0F-D357A91589B1}.Debug|Any CPU.Build.0 = Debug|Any CPU
		{84196CD3-B484-4249-BE0F-D357A91589B1}.Release|Any CPU.ActiveCfg = Release|Any CPU
		{84196CD3-B484-4249-BE0F-D357A91589B1}.Release|Any CPU.Build.0 = Release|Any CPU
		{3607401B-D2CF-4999-9719-1E5AC1BBA0CC}.Debug|Any CPU.ActiveCfg = Debug|Any CPU
		{3607401B-D2CF-4999-9719-1E5AC1BBA0CC}.Debug|Any CPU.Build.0 = Debug|Any CPU
		{3607401B-D2CF-4999-9719-1E5AC1BBA0CC}.Release|Any CPU.ActiveCfg = Release|Any CPU
		{3607401B-D2CF-4999-9719-1E5AC1BBA0CC}.Release|Any CPU.Build.0 = Release|Any CPU
		{44F00EE5-CDF7-413B-BBFD-FD6B7EC5775C}.Debug|Any CPU.ActiveCfg = Debug|Any CPU
		{44F00EE5-CDF7-413B-BBFD-FD6B7EC5775C}.Debug|Any CPU.Build.0 = Debug|Any CPU
		{44F00EE5-CDF7-413B-BBFD-FD6B7EC5775C}.Release|Any CPU.ActiveCfg = Release|Any CPU
		{44F00EE5-CDF7-413B-BBFD-FD6B7EC5775C}.Release|Any CPU.Build.0 = Release|Any CPU
		{56B1C206-C6D1-43FD-A711-26C5664208B7}.Debug|Any CPU.ActiveCfg = Debug|Any CPU
		{56B1C206-C6D1-43FD-A711-26C5664208B7}.Debug|Any CPU.Build.0 = Debug|Any CPU
		{56B1C206-C6D1-43FD-A711-26C5664208B7}.Release|Any CPU.ActiveCfg = Release|Any CPU
		{56B1C206-C6D1-43FD-A711-26C5664208B7}.Release|Any CPU.Build.0 = Release|Any CPU
	EndGlobalSection
	GlobalSection(SolutionProperties) = preSolution
		HideSolutionNode = FALSE
	EndGlobalSection
	GlobalSection(ExtensibilityGlobals) = postSolution
		SolutionGuid = {1D74E3B0-8D3C-452B-BA21-B41D1150D02B}
	EndGlobalSection
EndGlobal
