
Microsoft Visual Studio Solution File, Format Version 12.00
# Visual Studio 15
VisualStudioVersion = 15.0.27428.2015
MinimumVisualStudioVersion = 10.0.40219.1
Project("{9A19103F-16F7-4668-BE54-9A1E7A4F7556}") = "LibraryLab", "LibraryLab\LibraryLab.csproj", "{01F47703-5870-4D98-B8F8-0DECC415B44D}"
EndProject
Project("{FAE04EC0-301F-11D3-BF4B-00C04F79EFBC}") = "ListyIterator", "ListyIterator\ListyIterator.csproj", "{EFA3E2F6-860D-4891-9725-51F10B79A21F}"
EndProject
Project("{FAE04EC0-301F-11D3-BF4B-00C04F79EFBC}") = "Collection", "Collection\Collection.csproj", "{7C3CD4D8-DB0F-4EC4-A1EB-DF36446505CD}"
EndProject
Project("{FAE04EC0-301F-11D3-BF4B-00C04F79EFBC}") = "Stack", "Stack\Stack.csproj", "{EB9B3A9E-45FB-481B-BB4A-A0097BD1409C}"
EndProject
Project("{FAE04EC0-301F-11D3-BF4B-00C04F79EFBC}") = "Froggy", "Froggy\Froggy.csproj", "{9B4EA13F-BBB5-4E28-BDD9-7276A72ACCF8}"
EndProject
Project("{FAE04EC0-301F-11D3-BF4B-00C04F79EFBC}") = "ComparingObjects", "ComparingObjects\ComparingObjects.csproj", "{CF3A4AE8-4BDA-485A-B063-9D5EE1C7121B}"
EndProject
Project("{FAE04EC0-301F-11D3-BF4B-00C04F79EFBC}") = "StrategyPattern", "StrategyPattern\StrategyPattern.csproj", "{47883D6A-9286-459E-951E-87C4C8E2AE86}"
EndProject
Global
	GlobalSection(SolutionConfigurationPlatforms) = preSolution
		Debug|Any CPU = Debug|Any CPU
		Release|Any CPU = Release|Any CPU
	EndGlobalSection
	GlobalSection(ProjectConfigurationPlatforms) = postSolution
		{01F47703-5870-4D98-B8F8-0DECC415B44D}.Debug|Any CPU.ActiveCfg = Debug|Any CPU
		{01F47703-5870-4D98-B8F8-0DECC415B44D}.Debug|Any CPU.Build.0 = Debug|Any CPU
		{01F47703-5870-4D98-B8F8-0DECC415B44D}.Release|Any CPU.ActiveCfg = Release|Any CPU
		{01F47703-5870-4D98-B8F8-0DECC415B44D}.Release|Any CPU.Build.0 = Release|Any CPU
		{EFA3E2F6-860D-4891-9725-51F10B79A21F}.Debug|Any CPU.ActiveCfg = Debug|Any CPU
		{EFA3E2F6-860D-4891-9725-51F10B79A21F}.Debug|Any CPU.Build.0 = Debug|Any CPU
		{EFA3E2F6-860D-4891-9725-51F10B79A21F}.Release|Any CPU.ActiveCfg = Release|Any CPU
		{EFA3E2F6-860D-4891-9725-51F10B79A21F}.Release|Any CPU.Build.0 = Release|Any CPU
		{7C3CD4D8-DB0F-4EC4-A1EB-DF36446505CD}.Debug|Any CPU.ActiveCfg = Debug|Any CPU
		{7C3CD4D8-DB0F-4EC4-A1EB-DF36446505CD}.Debug|Any CPU.Build.0 = Debug|Any CPU
		{7C3CD4D8-DB0F-4EC4-A1EB-DF36446505CD}.Release|Any CPU.ActiveCfg = Release|Any CPU
		{7C3CD4D8-DB0F-4EC4-A1EB-DF36446505CD}.Release|Any CPU.Build.0 = Release|Any CPU
		{EB9B3A9E-45FB-481B-BB4A-A0097BD1409C}.Debug|Any CPU.ActiveCfg = Debug|Any CPU
		{EB9B3A9E-45FB-481B-BB4A-A0097BD1409C}.Debug|Any CPU.Build.0 = Debug|Any CPU
		{EB9B3A9E-45FB-481B-BB4A-A0097BD1409C}.Release|Any CPU.ActiveCfg = Release|Any CPU
		{EB9B3A9E-45FB-481B-BB4A-A0097BD1409C}.Release|Any CPU.Build.0 = Release|Any CPU
		{9B4EA13F-BBB5-4E28-BDD9-7276A72ACCF8}.Debug|Any CPU.ActiveCfg = Debug|Any CPU
		{9B4EA13F-BBB5-4E28-BDD9-7276A72ACCF8}.Debug|Any CPU.Build.0 = Debug|Any CPU
		{9B4EA13F-BBB5-4E28-BDD9-7276A72ACCF8}.Release|Any CPU.ActiveCfg = Release|Any CPU
		{9B4EA13F-BBB5-4E28-BDD9-7276A72ACCF8}.Release|Any CPU.Build.0 = Release|Any CPU
		{CF3A4AE8-4BDA-485A-B063-9D5EE1C7121B}.Debug|Any CPU.ActiveCfg = Debug|Any CPU
		{CF3A4AE8-4BDA-485A-B063-9D5EE1C7121B}.Debug|Any CPU.Build.0 = Debug|Any CPU
		{CF3A4AE8-4BDA-485A-B063-9D5EE1C7121B}.Release|Any CPU.ActiveCfg = Release|Any CPU
		{CF3A4AE8-4BDA-485A-B063-9D5EE1C7121B}.Release|Any CPU.Build.0 = Release|Any CPU
		{47883D6A-9286-459E-951E-87C4C8E2AE86}.Debug|Any CPU.ActiveCfg = Debug|Any CPU
		{47883D6A-9286-459E-951E-87C4C8E2AE86}.Debug|Any CPU.Build.0 = Debug|Any CPU
		{47883D6A-9286-459E-951E-87C4C8E2AE86}.Release|Any CPU.ActiveCfg = Release|Any CPU
		{47883D6A-9286-459E-951E-87C4C8E2AE86}.Release|Any CPU.Build.0 = Release|Any CPU
	EndGlobalSection
	GlobalSection(SolutionProperties) = preSolution
		HideSolutionNode = FALSE
	EndGlobalSection
	GlobalSection(ExtensibilityGlobals) = postSolution
		SolutionGuid = {DC0A3A2E-F35C-492D-B6ED-FF944C8739D7}
	EndGlobalSection
EndGlobal
