
Microsoft Visual Studio Solution File, Format Version 12.00
# Visual Studio 15
VisualStudioVersion = 15.0.26430.6
MinimumVisualStudioVersion = 10.0.40219.1
Project("{FAE04EC0-301F-11D3-BF4B-00C04F79EFBC}") = "Last Army", "Last Army\Last Army.csproj", "{FA1AC72F-2CD0-4247-9078-B9BD8C9216CC}"
EndProject
Project("{FAE04EC0-301F-11D3-BF4B-00C04F79EFBC}") = "LastArmy.Tests", "LastArmy.Tests\LastArmy.Tests.csproj", "{7FBCA4B4-823F-408D-A007-28574A2EADBE}"
EndProject
Project("{FAE04EC0-301F-11D3-BF4B-00C04F79EFBC}") = "LastArmy.MyTests", "LastArmy.MyTests\LastArmy.MyTests.csproj", "{991FC49B-1135-421C-B740-3473A9E2E2D4}"
EndProject
Project("{FAE04EC0-301F-11D3-BF4B-00C04F79EFBC}") = "Minedraft", "Minedraft\Minedraft.csproj", "{2B8E833A-8D75-44C5-A88A-9B4B9FE1C036}"
EndProject
Project("{FAE04EC0-301F-11D3-BF4B-00C04F79EFBC}") = "MineDraft.Tests", "MineDraft.Tests\MineDraft.Tests.csproj", "{A393A2CA-E840-4B0D-B684-2C2FD86E7A77}"
EndProject
Global
	GlobalSection(SolutionConfigurationPlatforms) = preSolution
		Debug|Any CPU = Debug|Any CPU
		Release|Any CPU = Release|Any CPU
	EndGlobalSection
	GlobalSection(ProjectConfigurationPlatforms) = postSolution
		{FA1AC72F-2CD0-4247-9078-B9BD8C9216CC}.Debug|Any CPU.ActiveCfg = Debug|Any CPU
		{FA1AC72F-2CD0-4247-9078-B9BD8C9216CC}.Debug|Any CPU.Build.0 = Debug|Any CPU
		{FA1AC72F-2CD0-4247-9078-B9BD8C9216CC}.Release|Any CPU.ActiveCfg = Release|Any CPU
		{FA1AC72F-2CD0-4247-9078-B9BD8C9216CC}.Release|Any CPU.Build.0 = Release|Any CPU
		{7FBCA4B4-823F-408D-A007-28574A2EADBE}.Debug|Any CPU.ActiveCfg = Debug|Any CPU
		{7FBCA4B4-823F-408D-A007-28574A2EADBE}.Debug|Any CPU.Build.0 = Debug|Any CPU
		{7FBCA4B4-823F-408D-A007-28574A2EADBE}.Release|Any CPU.ActiveCfg = Release|Any CPU
		{7FBCA4B4-823F-408D-A007-28574A2EADBE}.Release|Any CPU.Build.0 = Release|Any CPU
		{991FC49B-1135-421C-B740-3473A9E2E2D4}.Debug|Any CPU.ActiveCfg = Debug|Any CPU
		{991FC49B-1135-421C-B740-3473A9E2E2D4}.Debug|Any CPU.Build.0 = Debug|Any CPU
		{991FC49B-1135-421C-B740-3473A9E2E2D4}.Release|Any CPU.ActiveCfg = Release|Any CPU
		{991FC49B-1135-421C-B740-3473A9E2E2D4}.Release|Any CPU.Build.0 = Release|Any CPU
		{2B8E833A-8D75-44C5-A88A-9B4B9FE1C036}.Debug|Any CPU.ActiveCfg = Debug|Any CPU
		{2B8E833A-8D75-44C5-A88A-9B4B9FE1C036}.Debug|Any CPU.Build.0 = Debug|Any CPU
		{2B8E833A-8D75-44C5-A88A-9B4B9FE1C036}.Release|Any CPU.ActiveCfg = Release|Any CPU
		{2B8E833A-8D75-44C5-A88A-9B4B9FE1C036}.Release|Any CPU.Build.0 = Release|Any CPU
		{A393A2CA-E840-4B0D-B684-2C2FD86E7A77}.Debug|Any CPU.ActiveCfg = Debug|Any CPU
		{A393A2CA-E840-4B0D-B684-2C2FD86E7A77}.Debug|Any CPU.Build.0 = Debug|Any CPU
		{A393A2CA-E840-4B0D-B684-2C2FD86E7A77}.Release|Any CPU.ActiveCfg = Release|Any CPU
		{A393A2CA-E840-4B0D-B684-2C2FD86E7A77}.Release|Any CPU.Build.0 = Release|Any CPU
	EndGlobalSection
	GlobalSection(SolutionProperties) = preSolution
		HideSolutionNode = FALSE
	EndGlobalSection
	GlobalSection(ExtensibilityGlobals) = postSolution
		SolutionGuid = {322E165C-0045-460F-9FCF-DF4601BEE8D4}
	EndGlobalSection
EndGlobal
