
Microsoft Visual Studio Solution File, Format Version 12.00
# Visual Studio 15
VisualStudioVersion = 15.0.27130.2024
MinimumVisualStudioVersion = 10.0.40219.1
Project("{9A19103F-16F7-4668-BE54-9A1E7A4F7556}") = "ReverseString", "ReverseString\ReverseString.csproj", "{AF6776B3-A0D1-4F8F-B4F5-28B2DF57A895}"
EndProject
Project("{9A19103F-16F7-4668-BE54-9A1E7A4F7556}") = "SimpleCalculator", "SimpleCalculator\SimpleCalculator.csproj", "{410AB2D1-6217-49BD-A0FD-9CC5601EDC2B}"
EndProject
Project("{9A19103F-16F7-4668-BE54-9A1E7A4F7556}") = "DecimalToBinaryConverter", "DecimalToBinaryConverter\DecimalToBinaryConverter.csproj", "{8B420CB4-0342-4E24-A3C5-84F6AF86E08D}"
EndProject
Project("{9A19103F-16F7-4668-BE54-9A1E7A4F7556}") = "MatchingBrackets", "MatchingBrackets\MatchingBrackets.csproj", "{F6D7BEB4-DFBA-4330-98DD-E71D49B8E47D}"
EndProject
Project("{9A19103F-16F7-4668-BE54-9A1E7A4F7556}") = "HotPotato", "HotPotato\HotPotato.csproj", "{82390228-FF6C-40D9-916B-AB222DB80FB2}"
EndProject
Project("{9A19103F-16F7-4668-BE54-9A1E7A4F7556}") = "TrafficJam", "TrafficJam\TrafficJam.csproj", "{E71FBAF7-FA44-46F8-BD81-41CE1CDC9DB0}"
EndProject
Project("{9A19103F-16F7-4668-BE54-9A1E7A4F7556}") = "ReverseNumbers", "ReverseNumbers\ReverseNumbers.csproj", "{0BDC0290-AC86-4600-B3C7-7814A6054B26}"
EndProject
Project("{9A19103F-16F7-4668-BE54-9A1E7A4F7556}") = "BasicStackOperations", "BasicStackOperations\BasicStackOperations.csproj", "{CBFDEEDF-AB26-4E3A-9A41-2845F29EE1E4}"
EndProject
Project("{9A19103F-16F7-4668-BE54-9A1E7A4F7556}") = "MaximumElement", "MaximumElement\MaximumElement.csproj", "{2A998BCF-AF37-4C5E-9CDF-E181F6C395A8}"
EndProject
Project("{9A19103F-16F7-4668-BE54-9A1E7A4F7556}") = "BasicQueueOperations", "BasicQueueOperations\BasicQueueOperations.csproj", "{D835BD6A-7794-4371-ADF4-631D43FD8D45}"
EndProject
Project("{9A19103F-16F7-4668-BE54-9A1E7A4F7556}") = "SequenceWithQueue", "SequenceWithQueue\SequenceWithQueue.csproj", "{3C066738-8492-4F0E-80AD-DA5F39044A58}"
EndProject
Project("{9A19103F-16F7-4668-BE54-9A1E7A4F7556}") = "TruckTour", "TruckTour\TruckTour.csproj", "{B17B1555-7B8F-4BB3-9FB2-9EC5ACF93C00}"
EndProject
Project("{9A19103F-16F7-4668-BE54-9A1E7A4F7556}") = "BalancedParentheses", "BalancedParentheses\BalancedParentheses.csproj", "{C42141D4-CC13-4021-8A74-810093A03267}"
EndProject
Project("{9A19103F-16F7-4668-BE54-9A1E7A4F7556}") = "RecursiveFibonacci", "RecursiveFibonacci\RecursiveFibonacci.csproj", "{9F376839-BAFB-458F-9A38-8EC8863A01BA}"
EndProject
Project("{9A19103F-16F7-4668-BE54-9A1E7A4F7556}") = "StackFibonacci", "StackFibonacci\StackFibonacci.csproj", "{3A2EB2EA-F431-4115-828C-5D49DDE4103E}"
EndProject
Project("{9A19103F-16F7-4668-BE54-9A1E7A4F7556}") = "SimpleTextEditor", "SimpleTextEditor\SimpleTextEditor.csproj", "{746312A0-0313-4A4B-A59D-5E5964A26FD7}"
EndProject
Project("{9A19103F-16F7-4668-BE54-9A1E7A4F7556}") = "PoisonousPlants", "PoisonousPlants\PoisonousPlants.csproj", "{431D287D-0537-4CB6-81B3-3DD3B686081E}"
EndProject
Global
	GlobalSection(SolutionConfigurationPlatforms) = preSolution
		Debug|Any CPU = Debug|Any CPU
		Release|Any CPU = Release|Any CPU
	EndGlobalSection
	GlobalSection(ProjectConfigurationPlatforms) = postSolution
		{AF6776B3-A0D1-4F8F-B4F5-28B2DF57A895}.Debug|Any CPU.ActiveCfg = Debug|Any CPU
		{AF6776B3-A0D1-4F8F-B4F5-28B2DF57A895}.Debug|Any CPU.Build.0 = Debug|Any CPU
		{AF6776B3-A0D1-4F8F-B4F5-28B2DF57A895}.Release|Any CPU.ActiveCfg = Release|Any CPU
		{AF6776B3-A0D1-4F8F-B4F5-28B2DF57A895}.Release|Any CPU.Build.0 = Release|Any CPU
		{410AB2D1-6217-49BD-A0FD-9CC5601EDC2B}.Debug|Any CPU.ActiveCfg = Debug|Any CPU
		{410AB2D1-6217-49BD-A0FD-9CC5601EDC2B}.Debug|Any CPU.Build.0 = Debug|Any CPU
		{410AB2D1-6217-49BD-A0FD-9CC5601EDC2B}.Release|Any CPU.ActiveCfg = Release|Any CPU
		{410AB2D1-6217-49BD-A0FD-9CC5601EDC2B}.Release|Any CPU.Build.0 = Release|Any CPU
		{8B420CB4-0342-4E24-A3C5-84F6AF86E08D}.Debug|Any CPU.ActiveCfg = Debug|Any CPU
		{8B420CB4-0342-4E24-A3C5-84F6AF86E08D}.Debug|Any CPU.Build.0 = Debug|Any CPU
		{8B420CB4-0342-4E24-A3C5-84F6AF86E08D}.Release|Any CPU.ActiveCfg = Release|Any CPU
		{8B420CB4-0342-4E24-A3C5-84F6AF86E08D}.Release|Any CPU.Build.0 = Release|Any CPU
		{F6D7BEB4-DFBA-4330-98DD-E71D49B8E47D}.Debug|Any CPU.ActiveCfg = Debug|Any CPU
		{F6D7BEB4-DFBA-4330-98DD-E71D49B8E47D}.Debug|Any CPU.Build.0 = Debug|Any CPU
		{F6D7BEB4-DFBA-4330-98DD-E71D49B8E47D}.Release|Any CPU.ActiveCfg = Release|Any CPU
		{F6D7BEB4-DFBA-4330-98DD-E71D49B8E47D}.Release|Any CPU.Build.0 = Release|Any CPU
		{82390228-FF6C-40D9-916B-AB222DB80FB2}.Debug|Any CPU.ActiveCfg = Debug|Any CPU
		{82390228-FF6C-40D9-916B-AB222DB80FB2}.Debug|Any CPU.Build.0 = Debug|Any CPU
		{82390228-FF6C-40D9-916B-AB222DB80FB2}.Release|Any CPU.ActiveCfg = Release|Any CPU
		{82390228-FF6C-40D9-916B-AB222DB80FB2}.Release|Any CPU.Build.0 = Release|Any CPU
		{E71FBAF7-FA44-46F8-BD81-41CE1CDC9DB0}.Debug|Any CPU.ActiveCfg = Debug|Any CPU
		{E71FBAF7-FA44-46F8-BD81-41CE1CDC9DB0}.Debug|Any CPU.Build.0 = Debug|Any CPU
		{E71FBAF7-FA44-46F8-BD81-41CE1CDC9DB0}.Release|Any CPU.ActiveCfg = Release|Any CPU
		{E71FBAF7-FA44-46F8-BD81-41CE1CDC9DB0}.Release|Any CPU.Build.0 = Release|Any CPU
		{0BDC0290-AC86-4600-B3C7-7814A6054B26}.Debug|Any CPU.ActiveCfg = Debug|Any CPU
		{0BDC0290-AC86-4600-B3C7-7814A6054B26}.Debug|Any CPU.Build.0 = Debug|Any CPU
		{0BDC0290-AC86-4600-B3C7-7814A6054B26}.Release|Any CPU.ActiveCfg = Release|Any CPU
		{0BDC0290-AC86-4600-B3C7-7814A6054B26}.Release|Any CPU.Build.0 = Release|Any CPU
		{CBFDEEDF-AB26-4E3A-9A41-2845F29EE1E4}.Debug|Any CPU.ActiveCfg = Debug|Any CPU
		{CBFDEEDF-AB26-4E3A-9A41-2845F29EE1E4}.Debug|Any CPU.Build.0 = Debug|Any CPU
		{CBFDEEDF-AB26-4E3A-9A41-2845F29EE1E4}.Release|Any CPU.ActiveCfg = Release|Any CPU
		{CBFDEEDF-AB26-4E3A-9A41-2845F29EE1E4}.Release|Any CPU.Build.0 = Release|Any CPU
		{2A998BCF-AF37-4C5E-9CDF-E181F6C395A8}.Debug|Any CPU.ActiveCfg = Debug|Any CPU
		{2A998BCF-AF37-4C5E-9CDF-E181F6C395A8}.Debug|Any CPU.Build.0 = Debug|Any CPU
		{2A998BCF-AF37-4C5E-9CDF-E181F6C395A8}.Release|Any CPU.ActiveCfg = Release|Any CPU
		{2A998BCF-AF37-4C5E-9CDF-E181F6C395A8}.Release|Any CPU.Build.0 = Release|Any CPU
		{D835BD6A-7794-4371-ADF4-631D43FD8D45}.Debug|Any CPU.ActiveCfg = Debug|Any CPU
		{D835BD6A-7794-4371-ADF4-631D43FD8D45}.Debug|Any CPU.Build.0 = Debug|Any CPU
		{D835BD6A-7794-4371-ADF4-631D43FD8D45}.Release|Any CPU.ActiveCfg = Release|Any CPU
		{D835BD6A-7794-4371-ADF4-631D43FD8D45}.Release|Any CPU.Build.0 = Release|Any CPU
		{3C066738-8492-4F0E-80AD-DA5F39044A58}.Debug|Any CPU.ActiveCfg = Debug|Any CPU
		{3C066738-8492-4F0E-80AD-DA5F39044A58}.Debug|Any CPU.Build.0 = Debug|Any CPU
		{3C066738-8492-4F0E-80AD-DA5F39044A58}.Release|Any CPU.ActiveCfg = Release|Any CPU
		{3C066738-8492-4F0E-80AD-DA5F39044A58}.Release|Any CPU.Build.0 = Release|Any CPU
		{B17B1555-7B8F-4BB3-9FB2-9EC5ACF93C00}.Debug|Any CPU.ActiveCfg = Debug|Any CPU
		{B17B1555-7B8F-4BB3-9FB2-9EC5ACF93C00}.Debug|Any CPU.Build.0 = Debug|Any CPU
		{B17B1555-7B8F-4BB3-9FB2-9EC5ACF93C00}.Release|Any CPU.ActiveCfg = Release|Any CPU
		{B17B1555-7B8F-4BB3-9FB2-9EC5ACF93C00}.Release|Any CPU.Build.0 = Release|Any CPU
		{C42141D4-CC13-4021-8A74-810093A03267}.Debug|Any CPU.ActiveCfg = Debug|Any CPU
		{C42141D4-CC13-4021-8A74-810093A03267}.Debug|Any CPU.Build.0 = Debug|Any CPU
		{C42141D4-CC13-4021-8A74-810093A03267}.Release|Any CPU.ActiveCfg = Release|Any CPU
		{C42141D4-CC13-4021-8A74-810093A03267}.Release|Any CPU.Build.0 = Release|Any CPU
		{9F376839-BAFB-458F-9A38-8EC8863A01BA}.Debug|Any CPU.ActiveCfg = Debug|Any CPU
		{9F376839-BAFB-458F-9A38-8EC8863A01BA}.Debug|Any CPU.Build.0 = Debug|Any CPU
		{9F376839-BAFB-458F-9A38-8EC8863A01BA}.Release|Any CPU.ActiveCfg = Release|Any CPU
		{9F376839-BAFB-458F-9A38-8EC8863A01BA}.Release|Any CPU.Build.0 = Release|Any CPU
		{3A2EB2EA-F431-4115-828C-5D49DDE4103E}.Debug|Any CPU.ActiveCfg = Debug|Any CPU
		{3A2EB2EA-F431-4115-828C-5D49DDE4103E}.Debug|Any CPU.Build.0 = Debug|Any CPU
		{3A2EB2EA-F431-4115-828C-5D49DDE4103E}.Release|Any CPU.ActiveCfg = Release|Any CPU
		{3A2EB2EA-F431-4115-828C-5D49DDE4103E}.Release|Any CPU.Build.0 = Release|Any CPU
		{746312A0-0313-4A4B-A59D-5E5964A26FD7}.Debug|Any CPU.ActiveCfg = Debug|Any CPU
		{746312A0-0313-4A4B-A59D-5E5964A26FD7}.Debug|Any CPU.Build.0 = Debug|Any CPU
		{746312A0-0313-4A4B-A59D-5E5964A26FD7}.Release|Any CPU.ActiveCfg = Release|Any CPU
		{746312A0-0313-4A4B-A59D-5E5964A26FD7}.Release|Any CPU.Build.0 = Release|Any CPU
		{431D287D-0537-4CB6-81B3-3DD3B686081E}.Debug|Any CPU.ActiveCfg = Debug|Any CPU
		{431D287D-0537-4CB6-81B3-3DD3B686081E}.Debug|Any CPU.Build.0 = Debug|Any CPU
		{431D287D-0537-4CB6-81B3-3DD3B686081E}.Release|Any CPU.ActiveCfg = Release|Any CPU
		{431D287D-0537-4CB6-81B3-3DD3B686081E}.Release|Any CPU.Build.0 = Release|Any CPU
	EndGlobalSection
	GlobalSection(SolutionProperties) = preSolution
		HideSolutionNode = FALSE
	EndGlobalSection
	GlobalSection(ExtensibilityGlobals) = postSolution
		SolutionGuid = {2E4703D4-1795-4291-B5B2-6DA0255EFEC9}
	EndGlobalSection
EndGlobal
