
Microsoft Visual Studio Solution File, Format Version 12.00
# Visual Studio 15
VisualStudioVersion = 15.0.27130.2036
MinimumVisualStudioVersion = 10.0.40219.1
Project("{FAE04EC0-301F-11D3-BF4B-00C04F79EFBC}") = "Vehicles", "Vehicles\Vehicles.csproj", "{CA433F1C-C7F5-4E0B-9EF1-902C2E86678C}"
EndProject
Project("{FAE04EC0-301F-11D3-BF4B-00C04F79EFBC}") = "VehiclesExtension", "VehiclesExtension\VehiclesExtension.csproj", "{D2D60BAA-162B-46A0-8055-871262AB6FE9}"
EndProject
Project("{FAE04EC0-301F-11D3-BF4B-00C04F79EFBC}") = "WildFarm", "WildFarm\WildFarm.csproj", "{1CB97123-E6EC-47E9-9C1B-D5E4B9445DFB}"
EndProject
Global
	GlobalSection(SolutionConfigurationPlatforms) = preSolution
		Debug|Any CPU = Debug|Any CPU
		Release|Any CPU = Release|Any CPU
	EndGlobalSection
	GlobalSection(ProjectConfigurationPlatforms) = postSolution
		{CA433F1C-C7F5-4E0B-9EF1-902C2E86678C}.Debug|Any CPU.ActiveCfg = Debug|Any CPU
		{CA433F1C-C7F5-4E0B-9EF1-902C2E86678C}.Debug|Any CPU.Build.0 = Debug|Any CPU
		{CA433F1C-C7F5-4E0B-9EF1-902C2E86678C}.Release|Any CPU.ActiveCfg = Release|Any CPU
		{CA433F1C-C7F5-4E0B-9EF1-902C2E86678C}.Release|Any CPU.Build.0 = Release|Any CPU
		{D2D60BAA-162B-46A0-8055-871262AB6FE9}.Debug|Any CPU.ActiveCfg = Debug|Any CPU
		{D2D60BAA-162B-46A0-8055-871262AB6FE9}.Debug|Any CPU.Build.0 = Debug|Any CPU
		{D2D60BAA-162B-46A0-8055-871262AB6FE9}.Release|Any CPU.ActiveCfg = Release|Any CPU
		{D2D60BAA-162B-46A0-8055-871262AB6FE9}.Release|Any CPU.Build.0 = Release|Any CPU
		{1CB97123-E6EC-47E9-9C1B-D5E4B9445DFB}.Debug|Any CPU.ActiveCfg = Debug|Any CPU
		{1CB97123-E6EC-47E9-9C1B-D5E4B9445DFB}.Debug|Any CPU.Build.0 = Debug|Any CPU
		{1CB97123-E6EC-47E9-9C1B-D5E4B9445DFB}.Release|Any CPU.ActiveCfg = Release|Any CPU
		{1CB97123-E6EC-47E9-9C1B-D5E4B9445DFB}.Release|Any CPU.Build.0 = Release|Any CPU
	EndGlobalSection
	GlobalSection(SolutionProperties) = preSolution
		HideSolutionNode = FALSE
	EndGlobalSection
	GlobalSection(ExtensibilityGlobals) = postSolution
		SolutionGuid = {005B8075-637A-4FDE-A637-13CB98DC2BD1}
	EndGlobalSection
EndGlobal
